github.com/3crabs/go-yandex-weather-api v0.6.0 h1:EpqAfaStJNVRNRyYsvUmiNFQYGrQ+eXVP2e+vMWIh08=
github.com/3crabs/go-yandex-weather-api v0.6.0/go.mod h1:MZLPelQjylEK4nPL9g2cpnAPtqzOpF/SrtRGWXK7QHs=
github.com/go-telegram-bot-api/telegram-bot-api/v5 v5.5.1 h1:wG8n/XJQ07TmjbITcGiUaOtXxdrINDz1b0J1w0SzqDc=
github.com/go-telegram-bot-api/telegram-bot-api/v5 v5.5.1/go.mod h1:A2S0CWkNylc2phvKXWBBdD3K0iGnDBGbzRpISP2zBl8=
